
Microsoft Visual Studio Solution File, Format Version 12.00
# Visual Studio Version 16
VisualStudioVersion = 16.0.28803.156
MinimumVisualStudioVersion = 10.0.40219.1
Project("{9A19103F-16F7-4668-BE54-9A1E7A4F7556}") = "AWSS3Extensions", "AWSS3Extensions\AWSS3Extensions.csproj", "{9B8EC3D3-AD85-43CB-9D9C-0F1940F01B75}"
EndProject
Project("{9A19103F-16F7-4668-BE54-9A1E7A4F7556}") = "AWSS3Extensions.Tests", "AWSS3Extensions.Tests\AWSS3Extensions.Tests.csproj", "{C4997678-30EE-4B35-A833-AFBB5950D0D5}"
EndProject
Project("{2150E333-8FDC-42A3-9474-1A3956D46DE8}") = "Solution Items", "Solution Items", "{0482F3A1-2F53-4C2B-8E25-DBCC5604D59A}"
	ProjectSection(SolutionItems) = preProject
		LICENSE = LICENSE
		README.md = README.md
	EndProjectSection
EndProject
Global
	GlobalSection(SolutionConfigurationPlatforms) = preSolution
		Debug|Any CPU = Debug|Any CPU
		Release|Any CPU = Release|Any CPU
	EndGlobalSection
	GlobalSection(ProjectConfigurationPlatforms) = postSolution
		{9B8EC3D3-AD85-43CB-9D9C-0F1940F01B75}.Debug|Any CPU.ActiveCfg = Debug|Any CPU
		{9B8EC3D3-AD85-43CB-9D9C-0F1940F01B75}.Debug|Any CPU.Build.0 = Debug|Any CPU
		{9B8EC3D3-AD85-43CB-9D9C-0F1940F01B75}.Release|Any CPU.ActiveCfg = Release|Any CPU
		{9B8EC3D3-AD85-43CB-9D9C-0F1940F01B75}.Release|Any CPU.Build.0 = Release|Any CPU
		{C4997678-30EE-4B35-A833-AFBB5950D0D5}.Debug|Any CPU.ActiveCfg = Debug|Any CPU
		{C4997678-30EE-4B35-A833-AFBB5950D0D5}.Debug|Any CPU.Build.0 = Debug|Any CPU
		{C4997678-30EE-4B35-A833-AFBB5950D0D5}.Release|Any CPU.ActiveCfg = Release|Any CPU
		{C4997678-30EE-4B35-A833-AFBB5950D0D5}.Release|Any CPU.Build.0 = Release|Any CPU
	EndGlobalSection
	GlobalSection(SolutionProperties) = preSolution
		HideSolutionNode = FALSE
	EndGlobalSection
	GlobalSection(ExtensibilityGlobals) = postSolution
		SolutionGuid = {69A19130-F9D6-4AD0-AAEF-83D1C5C2C23F}
	EndGlobalSection
EndGlobal
